{
  "name": "trip-settle",
  "version": "0.0.0",
  "lockfileVersion": 3,
  "requires": true,
  "packages": {
    "": {
      "name": "trip-settle",
      "version": "0.0.0",
      "workspaces": [
        "packages/*"
      ]
    },
    "node_modules/app": {
      "resolved": "packages/app",
      "link": true
    },
    "node_modules/infra": {
      "resolved": "packages/infra",
      "link": true
    },
    "node_modules/web": {
      "resolved": "packages/web",
      "link": true
    },
    "packages/app": {
      "version": "0.0.0",
      "license": "ISC",
      "devDependencies": {}
    },
    "packages/infra": {
      "version": "1.0.0",
      "license": "ISC",
      "devDependencies": {}
    },
    "packages/web": {
      "version": "0.0.0",
      "license": "ISC"
    }
  }
}
